github.com/alexandrevicenzi/go-sse v1.6.0 h1:3KvOzpuY7UrbqZgAtOEmub9/V5ykr7Myudw+PA+H1Ik=
github.com/alexandrevicenzi/go-sse v1.6.0/go.mod h1:jdrNAhMgVqP7OfcUuM8eJx0sOY17wc+girs5utpFZUU=
github.com/go-chi/chi v1.5.5 h1:vOB/HbEMt9QqBqErz07QehcOKHaWFtuj87tTDVz2qXE=
github.com/go-chi/chi v1.5.5/go.mod h1:C9JqLr3tIYjDOZpzn+BCuxY8z8vmca43EeMgyZt7irw=
